// !$*UTF8*$!
{
	archiveVersion = 1;
	classes = {
	};
	objectVersion = 77;
	objects = {

/* Begin PBXBuildFile section */
		31A100022F9DC05A002A7AF3 /* Sparkle in Frameworks */ = {isa = PBXBuildFile; productRef = 31A100012F9DC05A002A7AF3 /* Sparkle */; };
		5EB13EE1F16DFCBCFE9A3449 /* DockProgress in Frameworks */ = {isa = PBXBuildFile; productRef = 6711E7AD88BD96C1258D3CE6 /* DockProgress */; };
		AA6100000000000000000064 /* Screendrop/Engine/AnnoEditor.swift in Sources */ = {isa = PBXBuildFile; fileRef = AA61000000000000000000C8 /* Screendrop/Engine/AnnoEditor.swift */; };
		AA6100000000000000000065 /* Screendrop/Engine/AnnoEditorInteraction.swift in Sources */ = {isa = PBXBuildFile; fileRef = AA61000000000000000000C9 /* Screendrop/Engine/AnnoEditorInteraction.swift */; };
		AA6100000000000000000066 /* Screendrop/Engine/AnnoEditorMagnifier.swift in Sources */ = {isa = PBXBuildFile; fileRef = AA61000000000000000000CA /* Screendrop/Engine/AnnoEditorMagnifier.swift */; };
		AA6100000000000000000067 /* Screendrop/Engine/AnnoEditorMeasure.swift in Sources */ = {isa = PBXBuildFile; fileRef = AA61000000000000000000CB /* Screendrop/Engine/AnnoEditorMeasure.swift */; };
		AA6100000000000000000068 /* Screendrop/Engine/AnnoEditorSnapping.swift in Sources */ = {isa = PBXBuildFile; fileRef = AA61000000000000000000CC /* Screendrop/Engine/AnnoEditorSnapping.swift */; };
		AA6100000000000000000069 /* Screendrop/Engine/AnnoShapeDrawing.swift in Sources */ = {isa = PBXBuildFile; fileRef = AA61000000000000000000CD /* Screendrop/Engine/AnnoShapeDrawing.swift */; };
		AA610000000000000000006A /* Screendrop/Engine/AnnoSnapping.swift in Sources */ = {isa = PBXBuildFile; fileRef = AA61000000000000000000CE /* Screendrop/Engine/AnnoSnapping.swift */; };
		AA610000000000000000006B /* Screendrop/Engine/ArrowLabel.swift in Sources */ = {isa = PBXBuildFile; fileRef = AA61000000000000000000CF /* Screendrop/Engine/ArrowLabel.swift */; };
		AA610000000000000000006C /* Screendrop/Engine/ArrowShared.swift in Sources */ = {isa = PBXBuildFile; fileRef = AA61000000000000000000D0 /* Screendrop/Engine/ArrowShared.swift */; };
		AA610000000000000000006D /* Screendrop/Engine/ArrowTypes.swift in Sources */ = {isa = PBXBuildFile; fileRef = AA61000000000000000000D1 /* Screendrop/Engine/ArrowTypes.swift */; };
		AA610000000000000000006E /* Screendrop/Engine/Arrowheads.swift in Sources */ = {isa = PBXBuildFile; fileRef = AA61000000000000000000D2 /* Screendrop/Engine/Arrowheads.swift */; };
		AA610000000000000000006F /* Screendrop/Engine/Box.swift in Sources */ = {isa = PBXBuildFile; fileRef = AA61000000000000000000D3 /* Screendrop/Engine/Box.swift */; };
		AA6100000000000000000070 /* Screendrop/Engine/CurvedArrow.swift in Sources */ = {isa = PBXBuildFile; fileRef = AA61000000000000000000D4 /* Screendrop/Engine/CurvedArrow.swift */; };
		AA6100000000000000000071 /* Screendrop/Engine/Document.swift in Sources */ = {isa = PBXBuildFile; fileRef = AA61000000000000000000D5 /* Screendrop/Engine/Document.swift */; };
		AA6100000000000000000072 /* Screendrop/Engine/GeoPaths.swift in Sources */ = {isa = PBXBuildFile; fileRef = AA61000000000000000000D6 /* Screendrop/Engine/GeoPaths.swift */; };
		AA6100000000000000000073 /* Screendrop/Engine/Geometry2d.swift in Sources */ = {isa = PBXBuildFile; fileRef = AA61000000000000000000D7 /* Screendrop/Engine/Geometry2d.swift */; };
		AA6100000000000000000074 /* Screendrop/Engine/InkPath.swift in Sources */ = {isa = PBXBuildFile; fileRef = AA61000000000000000000D8 /* Screendrop/Engine/InkPath.swift */; };
		AA6100000000000000000075 /* Screendrop/Engine/Intersect.swift in Sources */ = {isa = PBXBuildFile; fileRef = AA61000000000000000000D9 /* Screendrop/Engine/Intersect.swift */; };
		AA6100000000000000000076 /* Screendrop/Engine/Magnifier.swift in Sources */ = {isa = PBXBuildFile; fileRef = AA61000000000000000000DA /* Screendrop/Engine/Magnifier.swift */; };
		AA6100000000000000000077 /* Screendrop/Engine/Mat.swift in Sources */ = {isa = PBXBuildFile; fileRef = AA61000000000000000000DB /* Screendrop/Engine/Mat.swift */; };
		AA6100000000000000000078 /* Screendrop/Engine/MathUtils.swift in Sources */ = {isa = PBXBuildFile; fileRef = AA61000000000000000000DC /* Screendrop/Engine/MathUtils.swift */; };
		AA6100000000000000000079 /* Screendrop/Engine/PathBuilder.swift in Sources */ = {isa = PBXBuildFile; fileRef = AA61000000000000000000DD /* Screendrop/Engine/PathBuilder.swift */; };
		AA610000000000000000007A /* Screendrop/Engine/PerfectDash.swift in Sources */ = {isa = PBXBuildFile; fileRef = AA61000000000000000000DE /* Screendrop/Engine/PerfectDash.swift */; };
		AA610000000000000000007B /* Screendrop/Engine/Shape.swift in Sources */ = {isa = PBXBuildFile; fileRef = AA61000000000000000000DF /* Screendrop/Engine/Shape.swift */; };
		AA610000000000000000007C /* Screendrop/Engine/ShapeRenderer.swift in Sources */ = {isa = PBXBuildFile; fileRef = AA61000000000000000000E0 /* Screendrop/Engine/ShapeRenderer.swift */; };
		AA610000000000000000007D /* Screendrop/Engine/Shapes2d.swift in Sources */ = {isa = PBXBuildFile; fileRef = AA61000000000000000000E1 /* Screendrop/Engine/Shapes2d.swift */; };
		AA610000000000000000007E /* Screendrop/Engine/StraightArrow.swift in Sources */ = {isa = PBXBuildFile; fileRef = AA61000000000000000000E2 /* Screendrop/Engine/StraightArrow.swift */; };
		AA610000000000000000007F /* Screendrop/Engine/StrokeOptions.swift in Sources */ = {isa = PBXBuildFile; fileRef = AA61000000000000000000E3 /* Screendrop/Engine/StrokeOptions.swift */; };
		AA6100000000000000000080 /* Screendrop/Engine/StrokeOutline.swift in Sources */ = {isa = PBXBuildFile; fileRef = AA61000000000000000000E4 /* Screendrop/Engine/StrokeOutline.swift */; };
		AA6100000000000000000081 /* Screendrop/Engine/StrokePipeline.swift in Sources */ = {isa = PBXBuildFile; fileRef = AA61000000000000000000E5 /* Screendrop/Engine/StrokePipeline.swift */; };
		AA6100000000000000000082 /* Screendrop/Engine/TextMeasure.swift in Sources */ = {isa = PBXBuildFile; fileRef = AA61000000000000000000E6 /* Screendrop/Engine/TextMeasure.swift */; };
		AA6100000000000000000083 /* Screendrop/Engine/Theme.swift in Sources */ = {isa = PBXBuildFile; fileRef = AA61000000000000000000E7 /* Screendrop/Engine/Theme.swift */; };
		AA6100000000000000000084 /* Screendrop/Engine/Vec.swift in Sources */ = {isa = PBXBuildFile; fileRef = AA61000000000000000000E8 /* Screendrop/Engine/Vec.swift */; };
		AA6100000000000000000085 /* Screendrop/AnnotationTool.swift in Sources */ = {isa = PBXBuildFile; fileRef = AA61000000000000000000E9 /* Screendrop/AnnotationTool.swift */; };
		AA6100000000000000000086 /* Screendrop/AnnotationSwatch.swift in Sources */ = {isa = PBXBuildFile; fileRef = AA61000000000000000000EA /* Screendrop/AnnotationSwatch.swift */; };
		AA6100000000000000000087 /* Screendrop/AnnotationPresetStore.swift in Sources */ = {isa = PBXBuildFile; fileRef = AA61000000000000000000EB /* Screendrop/AnnotationPresetStore.swift */; };
		AA6100000000000000000088 /* Screendrop/AnnotationMetrics.swift in Sources */ = {isa = PBXBuildFile; fileRef = AA61000000000000000000EC /* Screendrop/AnnotationMetrics.swift */; };
		AA6100000000000000000089 /* Screendrop/AnnotationRedactionImageProcessor.swift in Sources */ = {isa = PBXBuildFile; fileRef = AA61000000000000000000ED /* Screendrop/AnnotationRedactionImageProcessor.swift */; };
		AA610000000000000000008A /* Screendrop/AnnoRedactionPreviewCache.swift in Sources */ = {isa = PBXBuildFile; fileRef = AA61000000000000000000EE /* Screendrop/AnnoRedactionPreviewCache.swift */; };
		AA610000000000000000008B /* Screendrop/BoundedCGImageCache.swift in Sources */ = {isa = PBXBuildFile; fileRef = AA61000000000000000000EF /* Screendrop/BoundedCGImageCache.swift */; };
		AA610000000000000000008C /* Screendrop/AnnotationCanvasViewport.swift in Sources */ = {isa = PBXBuildFile; fileRef = AA61000000000000000000F0 /* Screendrop/AnnotationCanvasViewport.swift */; };
		AA610000000000000000008D /* Screendrop/StudioScreenLayerCache.swift in Sources */ = {isa = PBXBuildFile; fileRef = AA61000000000000000000F1 /* Screendrop/StudioScreenLayerCache.swift */; };
		AA610000000000000000008E /* Screendrop/ScrollingCaptureStitcher.swift in Sources */ = {isa = PBXBuildFile; fileRef = AA61000000000000000000F2 /* Screendrop/ScrollingCaptureStitcher.swift */; };
		AA610000000000000000008F /* Screendrop/PixelInspection.swift in Sources */ = {isa = PBXBuildFile; fileRef = AA61000000000000000000F3 /* Screendrop/PixelInspection.swift */; };
		AA6100000000000000000090 /* Screendrop/CloudCommentList.swift in Sources */ = {isa = PBXBuildFile; fileRef = AA61000000000000000000F4 /* Screendrop/CloudCommentList.swift */; };
		AA6100000000000000000091 /* Screendrop/CloudUploadList.swift in Sources */ = {isa = PBXBuildFile; fileRef = AA61000000000000000000F5 /* Screendrop/CloudUploadList.swift */; };
		AA6100000000000000000092 /* Screendrop/CloudPreviewCache.swift in Sources */ = {isa = PBXBuildFile; fileRef = AA61000000000000000000F6 /* Screendrop/CloudPreviewCache.swift */; };
		AA6100000000000000000093 /* Screendrop/CaptureTagField.swift in Sources */ = {isa = PBXBuildFile; fileRef = AA61000000000000000000F7 /* Screendrop/CaptureTagField.swift */; };
		AA6100000000000000000094 /* Screendrop/CaptureTagStyles.swift in Sources */ = {isa = PBXBuildFile; fileRef = AA61000000000000000000F8 /* Screendrop/CaptureTagStyles.swift */; };
		AA6200000000000000000001 /* Screendrop/ScreenshotHistoryMetadata.swift in Sources */ = {isa = PBXBuildFile; fileRef = AA6200000000000000000011 /* Screendrop/ScreenshotHistoryMetadata.swift */; };
		AA6200000000000000000002 /* Screendrop/AnnotationDocument.swift in Sources */ = {isa = PBXBuildFile; fileRef = AA6200000000000000000012 /* Screendrop/AnnotationDocument.swift */; };
		AA6200000000000000000003 /* Screendrop/AnnotationBackground.swift in Sources */ = {isa = PBXBuildFile; fileRef = AA6200000000000000000013 /* Screendrop/AnnotationBackground.swift */; };
		AA6200000000000000000004 /* Screendrop/AnnotationShadowStyle.swift in Sources */ = {isa = PBXBuildFile; fileRef = AA6200000000000000000014 /* Screendrop/AnnotationShadowStyle.swift */; };
		AA6200000000000000000005 /* Screendrop/ScreenRecordingState.swift in Sources */ = {isa = PBXBuildFile; fileRef = AA6200000000000000000015 /* Screendrop/ScreenRecordingState.swift */; };
/* End PBXBuildFile section */

/* Begin PBXFileReference section */
		3163891D2F9DC05A002A7AF3 /* Screendrop.app */ = {isa = PBXFileReference; explicitFileType = wrapper.application; includeInIndex = 0; path = Screendrop.app; sourceTree = BUILT_PRODUCTS_DIR; };
		AA6100000000000000000001 /* ScreendropTests.xctest */ = {isa = PBXFileReference; explicitFileType = wrapper.cfbundle; includeInIndex = 0; path = ScreendropTests.xctest; sourceTree = BUILT_PRODUCTS_DIR; };
		AA61000000000000000000C8 /* Screendrop/Engine/AnnoEditor.swift */ = {isa = PBXFileReference; lastKnownFileType = sourcecode.swift; path = Screendrop/Engine/AnnoEditor.swift; sourceTree = SOURCE_ROOT; };
		AA61000000000000000000C9 /* Screendrop/Engine/AnnoEditorInteraction.swift */ = {isa = PBXFileReference; lastKnownFileType = sourcecode.swift; path = Screendrop/Engine/AnnoEditorInteraction.swift; sourceTree = SOURCE_ROOT; };
		AA61000000000000000000CA /* Screendrop/Engine/AnnoEditorMagnifier.swift */ = {isa = PBXFileReference; lastKnownFileType = sourcecode.swift; path = Screendrop/Engine/AnnoEditorMagnifier.swift; sourceTree = SOURCE_ROOT; };
		AA61000000000000000000CB /* Screendrop/Engine/AnnoEditorMeasure.swift */ = {isa = PBXFileReference; lastKnownFileType = sourcecode.swift; path = Screendrop/Engine/AnnoEditorMeasure.swift; sourceTree = SOURCE_ROOT; };
		AA61000000000000000000CC /* Screendrop/Engine/AnnoEditorSnapping.swift */ = {isa = PBXFileReference; lastKnownFileType = sourcecode.swift; path = Screendrop/Engine/AnnoEditorSnapping.swift; sourceTree = SOURCE_ROOT; };
		AA61000000000000000000CD /* Screendrop/Engine/AnnoShapeDrawing.swift */ = {isa = PBXFileReference; lastKnownFileType = sourcecode.swift; path = Screendrop/Engine/AnnoShapeDrawing.swift; sourceTree = SOURCE_ROOT; };
		AA61000000000000000000CE /* Screendrop/Engine/AnnoSnapping.swift */ = {isa = PBXFileReference; lastKnownFileType = sourcecode.swift; path = Screendrop/Engine/AnnoSnapping.swift; sourceTree = SOURCE_ROOT; };
		AA61000000000000000000CF /* Screendrop/Engine/ArrowLabel.swift */ = {isa = PBXFileReference; lastKnownFileType = sourcecode.swift; path = Screendrop/Engine/ArrowLabel.swift; sourceTree = SOURCE_ROOT; };
		AA61000000000000000000D0 /* Screendrop/Engine/ArrowShared.swift */ = {isa = PBXFileReference; lastKnownFileType = sourcecode.swift; path = Screendrop/Engine/ArrowShared.swift; sourceTree = SOURCE_ROOT; };
		AA61000000000000000000D1 /* Screendrop/Engine/ArrowTypes.swift */ = {isa = PBXFileReference; lastKnownFileType = sourcecode.swift; path = Screendrop/Engine/ArrowTypes.swift; sourceTree = SOURCE_ROOT; };
		AA61000000000000000000D2 /* Screendrop/Engine/Arrowheads.swift */ = {isa = PBXFileReference; lastKnownFileType = sourcecode.swift; path = Screendrop/Engine/Arrowheads.swift; sourceTree = SOURCE_ROOT; };
		AA61000000000000000000D3 /* Screendrop/Engine/Box.swift */ = {isa = PBXFileReference; lastKnownFileType = sourcecode.swift; path = Screendrop/Engine/Box.swift; sourceTree = SOURCE_ROOT; };
		AA61000000000000000000D4 /* Screendrop/Engine/CurvedArrow.swift */ = {isa = PBXFileReference; lastKnownFileType = sourcecode.swift; path = Screendrop/Engine/CurvedArrow.swift; sourceTree = SOURCE_ROOT; };
		AA61000000000000000000D5 /* Screendrop/Engine/Document.swift */ = {isa = PBXFileReference; lastKnownFileType = sourcecode.swift; path = Screendrop/Engine/Document.swift; sourceTree = SOURCE_ROOT; };
		AA61000000000000000000D6 /* Screendrop/Engine/GeoPaths.swift */ = {isa = PBXFileReference; lastKnownFileType = sourcecode.swift; path = Screendrop/Engine/GeoPaths.swift; sourceTree = SOURCE_ROOT; };
		AA61000000000000000000D7 /* Screendrop/Engine/Geometry2d.swift */ = {isa = PBXFileReference; lastKnownFileType = sourcecode.swift; path = Screendrop/Engine/Geometry2d.swift; sourceTree = SOURCE_ROOT; };
		AA61000000000000000000D8 /* Screendrop/Engine/InkPath.swift */ = {isa = PBXFileReference; lastKnownFileType = sourcecode.swift; path = Screendrop/Engine/InkPath.swift; sourceTree = SOURCE_ROOT; };
		AA61000000000000000000D9 /* Screendrop/Engine/Intersect.swift */ = {isa = PBXFileReference; lastKnownFileType = sourcecode.swift; path = Screendrop/Engine/Intersect.swift; sourceTree = SOURCE_ROOT; };
		AA61000000000000000000DA /* Screendrop/Engine/Magnifier.swift */ = {isa = PBXFileReference; lastKnownFileType = sourcecode.swift; path = Screendrop/Engine/Magnifier.swift; sourceTree = SOURCE_ROOT; };
		AA61000000000000000000DB /* Screendrop/Engine/Mat.swift */ = {isa = PBXFileReference; lastKnownFileType = sourcecode.swift; path = Screendrop/Engine/Mat.swift; sourceTree = SOURCE_ROOT; };
		AA61000000000000000000DC /* Screendrop/Engine/MathUtils.swift */ = {isa = PBXFileReference; lastKnownFileType = sourcecode.swift; path = Screendrop/Engine/MathUtils.swift; sourceTree = SOURCE_ROOT; };
		AA61000000000000000000DD /* Screendrop/Engine/PathBuilder.swift */ = {isa = PBXFileReference; lastKnownFileType = sourcecode.swift; path = Screendrop/Engine/PathBuilder.swift; sourceTree = SOURCE_ROOT; };
		AA61000000000000000000DE /* Screendrop/Engine/PerfectDash.swift */ = {isa = PBXFileReference; lastKnownFileType = sourcecode.swift; path = Screendrop/Engine/PerfectDash.swift; sourceTree = SOURCE_ROOT; };
		AA61000000000000000000DF /* Screendrop/Engine/Shape.swift */ = {isa = PBXFileReference; lastKnownFileType = sourcecode.swift; path = Screendrop/Engine/Shape.swift; sourceTree = SOURCE_ROOT; };
		AA61000000000000000000E0 /* Screendrop/Engine/ShapeRenderer.swift */ = {isa = PBXFileReference; lastKnownFileType = sourcecode.swift; path = Screendrop/Engine/ShapeRenderer.swift; sourceTree = SOURCE_ROOT; };
		AA61000000000000000000E1 /* Screendrop/Engine/Shapes2d.swift */ = {isa = PBXFileReference; lastKnownFileType = sourcecode.swift; path = Screendrop/Engine/Shapes2d.swift; sourceTree = SOURCE_ROOT; };
		AA61000000000000000000E2 /* Screendrop/Engine/StraightArrow.swift */ = {isa = PBXFileReference; lastKnownFileType = sourcecode.swift; path = Screendrop/Engine/StraightArrow.swift; sourceTree = SOURCE_ROOT; };
		AA61000000000000000000E3 /* Screendrop/Engine/StrokeOptions.swift */ = {isa = PBXFileReference; lastKnownFileType = sourcecode.swift; path = Screendrop/Engine/StrokeOptions.swift; sourceTree = SOURCE_ROOT; };
		AA61000000000000000000E4 /* Screendrop/Engine/StrokeOutline.swift */ = {isa = PBXFileReference; lastKnownFileType = sourcecode.swift; path = Screendrop/Engine/StrokeOutline.swift; sourceTree = SOURCE_ROOT; };
		AA61000000000000000000E5 /* Screendrop/Engine/StrokePipeline.swift */ = {isa = PBXFileReference; lastKnownFileType = sourcecode.swift; path = Screendrop/Engine/StrokePipeline.swift; sourceTree = SOURCE_ROOT; };
		AA61000000000000000000E6 /* Screendrop/Engine/TextMeasure.swift */ = {isa = PBXFileReference; lastKnownFileType = sourcecode.swift; path = Screendrop/Engine/TextMeasure.swift; sourceTree = SOURCE_ROOT; };
		AA61000000000000000000E7 /* Screendrop/Engine/Theme.swift */ = {isa = PBXFileReference; lastKnownFileType = sourcecode.swift; path = Screendrop/Engine/Theme.swift; sourceTree = SOURCE_ROOT; };
		AA61000000000000000000E8 /* Screendrop/Engine/Vec.swift */ = {isa = PBXFileReference; lastKnownFileType = sourcecode.swift; path = Screendrop/Engine/Vec.swift; sourceTree = SOURCE_ROOT; };
		AA61000000000000000000E9 /* Screendrop/AnnotationTool.swift */ = {isa = PBXFileReference; lastKnownFileType = sourcecode.swift; path = Screendrop/AnnotationTool.swift; sourceTree = SOURCE_ROOT; };
		AA61000000000000000000EA /* Screendrop/AnnotationSwatch.swift */ = {isa = PBXFileReference; lastKnownFileType = sourcecode.swift; path = Screendrop/AnnotationSwatch.swift; sourceTree = SOURCE_ROOT; };
		AA61000000000000000000EB /* Screendrop/AnnotationPresetStore.swift */ = {isa = PBXFileReference; lastKnownFileType = sourcecode.swift; path = Screendrop/AnnotationPresetStore.swift; sourceTree = SOURCE_ROOT; };
		AA61000000000000000000EC /* Screendrop/AnnotationMetrics.swift */ = {isa = PBXFileReference; lastKnownFileType = sourcecode.swift; path = Screendrop/AnnotationMetrics.swift; sourceTree = SOURCE_ROOT; };
		AA61000000000000000000ED /* Screendrop/AnnotationRedactionImageProcessor.swift */ = {isa = PBXFileReference; lastKnownFileType = sourcecode.swift; path = Screendrop/AnnotationRedactionImageProcessor.swift; sourceTree = SOURCE_ROOT; };
		AA61000000000000000000EE /* Screendrop/AnnoRedactionPreviewCache.swift */ = {isa = PBXFileReference; lastKnownFileType = sourcecode.swift; path = Screendrop/AnnoRedactionPreviewCache.swift; sourceTree = SOURCE_ROOT; };
		AA61000000000000000000EF /* Screendrop/BoundedCGImageCache.swift */ = {isa = PBXFileReference; lastKnownFileType = sourcecode.swift; path = Screendrop/BoundedCGImageCache.swift; sourceTree = SOURCE_ROOT; };
		AA61000000000000000000F0 /* Screendrop/AnnotationCanvasViewport.swift */ = {isa = PBXFileReference; lastKnownFileType = sourcecode.swift; path = Screendrop/AnnotationCanvasViewport.swift; sourceTree = SOURCE_ROOT; };
		AA61000000000000000000F1 /* Screendrop/StudioScreenLayerCache.swift */ = {isa = PBXFileReference; lastKnownFileType = sourcecode.swift; path = Screendrop/StudioScreenLayerCache.swift; sourceTree = SOURCE_ROOT; };
		AA61000000000000000000F2 /* Screendrop/ScrollingCaptureStitcher.swift */ = {isa = PBXFileReference; lastKnownFileType = sourcecode.swift; path = Screendrop/ScrollingCaptureStitcher.swift; sourceTree = SOURCE_ROOT; };
		AA61000000000000000000F3 /* Screendrop/PixelInspection.swift */ = {isa = PBXFileReference; lastKnownFileType = sourcecode.swift; path = Screendrop/PixelInspection.swift; sourceTree = SOURCE_ROOT; };
		AA61000000000000000000F4 /* Screendrop/CloudCommentList.swift */ = {isa = PBXFileReference; lastKnownFileType = sourcecode.swift; path = Screendrop/CloudCommentList.swift; sourceTree = SOURCE_ROOT; };
		AA61000000000000000000F5 /* Screendrop/CloudUploadList.swift */ = {isa = PBXFileReference; lastKnownFileType = sourcecode.swift; path = Screendrop/CloudUploadList.swift; sourceTree = SOURCE_ROOT; };
		AA61000000000000000000F6 /* Screendrop/CloudPreviewCache.swift */ = {isa = PBXFileReference; lastKnownFileType = sourcecode.swift; path = Screendrop/CloudPreviewCache.swift; sourceTree = SOURCE_ROOT; };
		AA61000000000000000000F7 /* Screendrop/CaptureTagField.swift */ = {isa = PBXFileReference; lastKnownFileType = sourcecode.swift; path = Screendrop/CaptureTagField.swift; sourceTree = SOURCE_ROOT; };
		AA61000000000000000000F8 /* Screendrop/CaptureTagStyles.swift */ = {isa = PBXFileReference; lastKnownFileType = sourcecode.swift; path = Screendrop/CaptureTagStyles.swift; sourceTree = SOURCE_ROOT; };
		AA6200000000000000000011 /* Screendrop/ScreenshotHistoryMetadata.swift */ = {isa = PBXFileReference; lastKnownFileType = sourcecode.swift; path = Screendrop/ScreenshotHistoryMetadata.swift; sourceTree = SOURCE_ROOT; };
		AA6200000000000000000012 /* Screendrop/AnnotationDocument.swift */ = {isa = PBXFileReference; lastKnownFileType = sourcecode.swift; path = Screendrop/AnnotationDocument.swift; sourceTree = SOURCE_ROOT; };
		AA6200000000000000000013 /* Screendrop/AnnotationBackground.swift */ = {isa = PBXFileReference; lastKnownFileType = sourcecode.swift; path = Screendrop/AnnotationBackground.swift; sourceTree = SOURCE_ROOT; };
		AA6200000000000000000014 /* Screendrop/AnnotationShadowStyle.swift */ = {isa = PBXFileReference; lastKnownFileType = sourcecode.swift; path = Screendrop/AnnotationShadowStyle.swift; sourceTree = SOURCE_ROOT; };
		AA6200000000000000000015 /* Screendrop/ScreenRecordingState.swift */ = {isa = PBXFileReference; lastKnownFileType = sourcecode.swift; path = Screendrop/ScreenRecordingState.swift; sourceTree = SOURCE_ROOT; };
/* End PBXFileReference section */

/* Begin PBXFileSystemSynchronizedRootGroup section */
		3163891F2F9DC05A002A7AF3 /* Screendrop */ = {
			isa = PBXFileSystemSynchronizedRootGroup;
			path = Screendrop;
			sourceTree = "<group>";
		};
		AA6100000000000000000002 /* ScreendropTests */ = {
			isa = PBXFileSystemSynchronizedRootGroup;
			path = ScreendropTests;
			sourceTree = "<group>";
		};
/* End PBXFileSystemSynchronizedRootGroup section */

/* Begin PBXFrameworksBuildPhase section */
		3163891A2F9DC05A002A7AF3 /* Frameworks */ = {
			isa = PBXFrameworksBuildPhase;
			buildActionMask = 2147483647;
			files = (
				31A100022F9DC05A002A7AF3 /* Sparkle in Frameworks */,
				5EB13EE1F16DFCBCFE9A3449 /* DockProgress in Frameworks */,
			);
			runOnlyForDeploymentPostprocessing = 0;
		};
		AA6100000000000000000008 /* Frameworks */ = {
			isa = PBXFrameworksBuildPhase;
			buildActionMask = 2147483647;
			files = ();
			runOnlyForDeploymentPostprocessing = 0;
		};
/* End PBXFrameworksBuildPhase section */

/* Begin PBXGroup section */
		316389142F9DC05A002A7AF3 = {
			isa = PBXGroup;
			children = (
				3163891F2F9DC05A002A7AF3 /* Screendrop */,
				AA6100000000000000000002 /* ScreendropTests */,
				AA6100000000000000000003 /* Tested logic */,
				3163891E2F9DC05A002A7AF3 /* Products */,
			);
			sourceTree = "<group>";
		};
		3163891E2F9DC05A002A7AF3 /* Products */ = {
			isa = PBXGroup;
			children = (
				3163891D2F9DC05A002A7AF3 /* Screendrop.app */,
				AA6100000000000000000001 /* ScreendropTests.xctest */,
			);
			name = Products;
			sourceTree = "<group>";
		};
		AA6100000000000000000003 /* Tested logic */ = {
			isa = PBXGroup;
			children = (
				AA6200000000000000000011 /* Screendrop/ScreenshotHistoryMetadata.swift */,
				AA6200000000000000000012 /* Screendrop/AnnotationDocument.swift */,
				AA6200000000000000000013 /* Screendrop/AnnotationBackground.swift */,
				AA6200000000000000000014 /* Screendrop/AnnotationShadowStyle.swift */,
				AA6200000000000000000015 /* Screendrop/ScreenRecordingState.swift */,
				AA61000000000000000000C8 /* Screendrop/Engine/AnnoEditor.swift */,
				AA61000000000000000000C9 /* Screendrop/Engine/AnnoEditorInteraction.swift */,
				AA61000000000000000000CA /* Screendrop/Engine/AnnoEditorMagnifier.swift */,
				AA61000000000000000000CB /* Screendrop/Engine/AnnoEditorMeasure.swift */,
				AA61000000000000000000CC /* Screendrop/Engine/AnnoEditorSnapping.swift */,
				AA61000000000000000000CD /* Screendrop/Engine/AnnoShapeDrawing.swift */,
				AA61000000000000000000CE /* Screendrop/Engine/AnnoSnapping.swift */,
				AA61000000000000000000CF /* Screendrop/Engine/ArrowLabel.swift */,
				AA61000000000000000000D0 /* Screendrop/Engine/ArrowShared.swift */,
				AA61000000000000000000D1 /* Screendrop/Engine/ArrowTypes.swift */,
				AA61000000000000000000D2 /* Screendrop/Engine/Arrowheads.swift */,
				AA61000000000000000000D3 /* Screendrop/Engine/Box.swift */,
				AA61000000000000000000D4 /* Screendrop/Engine/CurvedArrow.swift */,
				AA61000000000000000000D5 /* Screendrop/Engine/Document.swift */,
				AA61000000000000000000D6 /* Screendrop/Engine/GeoPaths.swift */,
				AA61000000000000000000D7 /* Screendrop/Engine/Geometry2d.swift */,
				AA61000000000000000000D8 /* Screendrop/Engine/InkPath.swift */,
				AA61000000000000000000D9 /* Screendrop/Engine/Intersect.swift */,
				AA61000000000000000000DA /* Screendrop/Engine/Magnifier.swift */,
				AA61000000000000000000DB /* Screendrop/Engine/Mat.swift */,
				AA61000000000000000000DC /* Screendrop/Engine/MathUtils.swift */,
				AA61000000000000000000DD /* Screendrop/Engine/PathBuilder.swift */,
				AA61000000000000000000DE /* Screendrop/Engine/PerfectDash.swift */,
				AA61000000000000000000DF /* Screendrop/Engine/Shape.swift */,
				AA61000000000000000000E0 /* Screendrop/Engine/ShapeRenderer.swift */,
				AA61000000000000000000E1 /* Screendrop/Engine/Shapes2d.swift */,
				AA61000000000000000000E2 /* Screendrop/Engine/StraightArrow.swift */,
				AA61000000000000000000E3 /* Screendrop/Engine/StrokeOptions.swift */,
				AA61000000000000000000E4 /* Screendrop/Engine/StrokeOutline.swift */,
				AA61000000000000000000E5 /* Screendrop/Engine/StrokePipeline.swift */,
				AA61000000000000000000E6 /* Screendrop/Engine/TextMeasure.swift */,
				AA61000000000000000000E7 /* Screendrop/Engine/Theme.swift */,
				AA61000000000000000000E8 /* Screendrop/Engine/Vec.swift */,
				AA61000000000000000000E9 /* Screendrop/AnnotationTool.swift */,
				AA61000000000000000000EA /* Screendrop/AnnotationSwatch.swift */,
				AA61000000000000000000EB /* Screendrop/AnnotationPresetStore.swift */,
				AA61000000000000000000EC /* Screendrop/AnnotationMetrics.swift */,
				AA61000000000000000000ED /* Screendrop/AnnotationRedactionImageProcessor.swift */,
				AA61000000000000000000EE /* Screendrop/AnnoRedactionPreviewCache.swift */,
				AA61000000000000000000EF /* Screendrop/BoundedCGImageCache.swift */,
				AA61000000000000000000F0 /* Screendrop/AnnotationCanvasViewport.swift */,
				AA61000000000000000000F1 /* Screendrop/StudioScreenLayerCache.swift */,
				AA61000000000000000000F2 /* Screendrop/ScrollingCaptureStitcher.swift */,
				AA61000000000000000000F3 /* Screendrop/PixelInspection.swift */,
				AA61000000000000000000F4 /* Screendrop/CloudCommentList.swift */,
				AA61000000000000000000F5 /* Screendrop/CloudUploadList.swift */,
				AA61000000000000000000F6 /* Screendrop/CloudPreviewCache.swift */,
				AA61000000000000000000F7 /* Screendrop/CaptureTagField.swift */,
				AA61000000000000000000F8 /* Screendrop/CaptureTagStyles.swift */,
			);
			name = "Tested logic";
			sourceTree = "<group>";
		};
/* End PBXGroup section */

/* Begin PBXNativeTarget section */
		3163891C2F9DC05A002A7AF3 /* Screendrop */ = {
			isa = PBXNativeTarget;
			buildConfigurationList = 316389282F9DC05B002A7AF3 /* Build configuration list for PBXNativeTarget "Screendrop" */;
			buildPhases = (
				316389192F9DC05A002A7AF3 /* Sources */,
				3163891A2F9DC05A002A7AF3 /* Frameworks */,
				3163891B2F9DC05A002A7AF3 /* Resources */,
			);
			buildRules = (
			);
			dependencies = (
			);
			fileSystemSynchronizedGroups = (
				3163891F2F9DC05A002A7AF3 /* Screendrop */,
			);
			name = Screendrop;
			packageProductDependencies = (
				31A100012F9DC05A002A7AF3 /* Sparkle */,
				6711E7AD88BD96C1258D3CE6 /* DockProgress */,
			);
			productName = Screendrop;
			productReference = 3163891D2F9DC05A002A7AF3 /* Screendrop.app */;
			productType = "com.apple.product-type.application";
		};
		AA6100000000000000000004 /* ScreendropTests */ = {
			isa = PBXNativeTarget;
			buildConfigurationList = AA6100000000000000000005;
			buildPhases = (AA6100000000000000000007 /* Sources */, AA6100000000000000000008 /* Frameworks */, AA6100000000000000000009 /* Resources */);
			buildRules = ();
			dependencies = ();
			fileSystemSynchronizedGroups = (AA6100000000000000000002 /* ScreendropTests */);
			name = ScreendropTests;
			productName = ScreendropTests;
			productReference = AA6100000000000000000001 /* ScreendropTests.xctest */;
			productType = "com.apple.product-type.bundle.unit-test";
		};
/* End PBXNativeTarget section */

/* Begin PBXProject section */
		316389152F9DC05A002A7AF3 /* Project object */ = {
			isa = PBXProject;
			attributes = {
				BuildIndependentTargetsInParallel = 1;
				LastSwiftUpdateCheck = 2640;
				LastUpgradeCheck = 2640;
				TargetAttributes = {
					3163891C2F9DC05A002A7AF3 = {
						CreatedOnToolsVersion = 26.4;
					};
				};
			};
			buildConfigurationList = 316389182F9DC05A002A7AF3 /* Build configuration list for PBXProject "Screendrop" */;
			developmentRegion = en;
			hasScannedForEncodings = 0;
			knownRegions = (
				en,
				Base,
			);
			mainGroup = 316389142F9DC05A002A7AF3;
			minimizedProjectReferenceProxies = 1;
			packageReferences = (
				31A100002F9DC05A002A7AF3 /* XCRemoteSwiftPackageReference "Sparkle" */,
				BAD69099DE38A64197B1CFDA /* XCRemoteSwiftPackageReference "DockProgress" */,
			);
			preferredProjectObjectVersion = 77;
			productRefGroup = 3163891E2F9DC05A002A7AF3 /* Products */;
			projectDirPath = "";
			projectRoot = "";
			targets = (
				3163891C2F9DC05A002A7AF3 /* Screendrop */,
				AA6100000000000000000004 /* ScreendropTests */,
			);
		};
/* End PBXProject section */

/* Begin PBXResourcesBuildPhase section */
		3163891B2F9DC05A002A7AF3 /* Resources */ = {
			isa = PBXResourcesBuildPhase;
			buildActionMask = 2147483647;
			files = (
			);
			runOnlyForDeploymentPostprocessing = 0;
		};
		AA6100000000000000000009 /* Resources */ = {
			isa = PBXResourcesBuildPhase;
			buildActionMask = 2147483647;
			files = ();
			runOnlyForDeploymentPostprocessing = 0;
		};
/* End PBXResourcesBuildPhase section */

/* Begin PBXSourcesBuildPhase section */
		316389192F9DC05A002A7AF3 /* Sources */ = {
			isa = PBXSourcesBuildPhase;
			buildActionMask = 2147483647;
			files = (
			);
			runOnlyForDeploymentPostprocessing = 0;
		};
		AA6100000000000000000007 /* Sources */ = {
			isa = PBXSourcesBuildPhase;
			buildActionMask = 2147483647;
			files = (
				AA6200000000000000000001 /* Screendrop/ScreenshotHistoryMetadata.swift in Sources */,
				AA6200000000000000000002 /* Screendrop/AnnotationDocument.swift in Sources */,
				AA6200000000000000000003 /* Screendrop/AnnotationBackground.swift in Sources */,
				AA6200000000000000000004 /* Screendrop/AnnotationShadowStyle.swift in Sources */,
				AA6200000000000000000005 /* Screendrop/ScreenRecordingState.swift in Sources */,
				AA6100000000000000000064 /* Screendrop/Engine/AnnoEditor.swift in Sources */,
				AA6100000000000000000065 /* Screendrop/Engine/AnnoEditorInteraction.swift in Sources */,
				AA6100000000000000000066 /* Screendrop/Engine/AnnoEditorMagnifier.swift in Sources */,
				AA6100000000000000000067 /* Screendrop/Engine/AnnoEditorMeasure.swift in Sources */,
				AA6100000000000000000068 /* Screendrop/Engine/AnnoEditorSnapping.swift in Sources */,
				AA6100000000000000000069 /* Screendrop/Engine/AnnoShapeDrawing.swift in Sources */,
				AA610000000000000000006A /* Screendrop/Engine/AnnoSnapping.swift in Sources */,
				AA610000000000000000006B /* Screendrop/Engine/ArrowLabel.swift in Sources */,
				AA610000000000000000006C /* Screendrop/Engine/ArrowShared.swift in Sources */,
				AA610000000000000000006D /* Screendrop/Engine/ArrowTypes.swift in Sources */,
				AA610000000000000000006E /* Screendrop/Engine/Arrowheads.swift in Sources */,
				AA610000000000000000006F /* Screendrop/Engine/Box.swift in Sources */,
				AA6100000000000000000070 /* Screendrop/Engine/CurvedArrow.swift in Sources */,
				AA6100000000000000000071 /* Screendrop/Engine/Document.swift in Sources */,
				AA6100000000000000000072 /* Screendrop/Engine/GeoPaths.swift in Sources */,
				AA6100000000000000000073 /* Screendrop/Engine/Geometry2d.swift in Sources */,
				AA6100000000000000000074 /* Screendrop/Engine/InkPath.swift in Sources */,
				AA6100000000000000000075 /* Screendrop/Engine/Intersect.swift in Sources */,
				AA6100000000000000000076 /* Screendrop/Engine/Magnifier.swift in Sources */,
				AA6100000000000000000077 /* Screendrop/Engine/Mat.swift in Sources */,
				AA6100000000000000000078 /* Screendrop/Engine/MathUtils.swift in Sources */,
				AA6100000000000000000079 /* Screendrop/Engine/PathBuilder.swift in Sources */,
				AA610000000000000000007A /* Screendrop/Engine/PerfectDash.swift in Sources */,
				AA610000000000000000007B /* Screendrop/Engine/Shape.swift in Sources */,
				AA610000000000000000007C /* Screendrop/Engine/ShapeRenderer.swift in Sources */,
				AA610000000000000000007D /* Screendrop/Engine/Shapes2d.swift in Sources */,
				AA610000000000000000007E /* Screendrop/Engine/StraightArrow.swift in Sources */,
				AA610000000000000000007F /* Screendrop/Engine/StrokeOptions.swift in Sources */,
				AA6100000000000000000080 /* Screendrop/Engine/StrokeOutline.swift in Sources */,
				AA6100000000000000000081 /* Screendrop/Engine/StrokePipeline.swift in Sources */,
				AA6100000000000000000082 /* Screendrop/Engine/TextMeasure.swift in Sources */,
				AA6100000000000000000083 /* Screendrop/Engine/Theme.swift in Sources */,
				AA6100000000000000000084 /* Screendrop/Engine/Vec.swift in Sources */,
				AA6100000000000000000085 /* Screendrop/AnnotationTool.swift in Sources */,
				AA6100000000000000000086 /* Screendrop/AnnotationSwatch.swift in Sources */,
				AA6100000000000000000087 /* Screendrop/AnnotationPresetStore.swift in Sources */,
				AA6100000000000000000088 /* Screendrop/AnnotationMetrics.swift in Sources */,
				AA6100000000000000000089 /* Screendrop/AnnotationRedactionImageProcessor.swift in Sources */,
				AA610000000000000000008A /* Screendrop/AnnoRedactionPreviewCache.swift in Sources */,
				AA610000000000000000008B /* Screendrop/BoundedCGImageCache.swift in Sources */,
				AA610000000000000000008C /* Screendrop/AnnotationCanvasViewport.swift in Sources */,
				AA610000000000000000008D /* Screendrop/StudioScreenLayerCache.swift in Sources */,
				AA610000000000000000008E /* Screendrop/ScrollingCaptureStitcher.swift in Sources */,
				AA610000000000000000008F /* Screendrop/PixelInspection.swift in Sources */,
				AA6100000000000000000090 /* Screendrop/CloudCommentList.swift in Sources */,
				AA6100000000000000000091 /* Screendrop/CloudUploadList.swift in Sources */,
				AA6100000000000000000092 /* Screendrop/CloudPreviewCache.swift in Sources */,
				AA6100000000000000000093 /* Screendrop/CaptureTagField.swift in Sources */,
				AA6100000000000000000094 /* Screendrop/CaptureTagStyles.swift in Sources */,
			);
			runOnlyForDeploymentPostprocessing = 0;
		};
/* End PBXSourcesBuildPhase section */

/* Begin XCBuildConfiguration section */
		316389262F9DC05B002A7AF3 /* Debug */ = {
			isa = XCBuildConfiguration;
			buildSettings = {
				ALWAYS_SEARCH_USER_PATHS = NO;
				ASSETCATALOG_COMPILER_GENERATE_SWIFT_ASSET_SYMBOL_EXTENSIONS = YES;
				CLANG_ANALYZER_NONNULL = YES;
				CLANG_ANALYZER_NUMBER_OBJECT_CONVERSION = YES_AGGRESSIVE;
				CLANG_CXX_LANGUAGE_STANDARD = "gnu++20";
				CLANG_ENABLE_MODULES = YES;
				CLANG_ENABLE_OBJC_ARC = YES;
				CLANG_ENABLE_OBJC_WEAK = YES;
				CLANG_WARN_BLOCK_CAPTURE_AUTORELEASING = YES;
				CLANG_WARN_BOOL_CONVERSION = YES;
				CLANG_WARN_COMMA = YES;
				CLANG_WARN_CONSTANT_CONVERSION = YES;
				CLANG_WARN_DEPRECATED_OBJC_IMPLEMENTATIONS = YES;
				CLANG_WARN_DIRECT_OBJC_ISA_USAGE = YES_ERROR;
				CLANG_WARN_DOCUMENTATION_COMMENTS = YES;
				CLANG_WARN_EMPTY_BODY = YES;
				CLANG_WARN_ENUM_CONVERSION = YES;
				CLANG_WARN_INFINITE_RECURSION = YES;
				CLANG_WARN_INT_CONVERSION = YES;
				CLANG_WARN_NON_LITERAL_NULL_CONVERSION = YES;
				CLANG_WARN_OBJC_IMPLICIT_RETAIN_SELF = YES;
				CLANG_WARN_OBJC_LITERAL_CONVERSION = YES;
				CLANG_WARN_OBJC_ROOT_CLASS = YES_ERROR;
				CLANG_WARN_QUOTED_INCLUDE_IN_FRAMEWORK_HEADER = YES;
				CLANG_WARN_RANGE_LOOP_ANALYSIS = YES;
				CLANG_WARN_STRICT_PROTOTYPES = YES;
				CLANG_WARN_SUSPICIOUS_MOVE = YES;
				CLANG_WARN_UNGUARDED_AVAILABILITY = YES_AGGRESSIVE;
				CLANG_WARN_UNREACHABLE_CODE = YES;
				CLANG_WARN__DUPLICATE_METHOD_MATCH = YES;
				COPY_PHASE_STRIP = NO;
				DEBUG_INFORMATION_FORMAT = dwarf;
				DEVELOPMENT_TEAM = NMM3956F6W;
				ENABLE_STRICT_OBJC_MSGSEND = YES;
				ENABLE_TESTABILITY = YES;
				ENABLE_USER_SCRIPT_SANDBOXING = YES;
				GCC_C_LANGUAGE_STANDARD = gnu17;
				GCC_DYNAMIC_NO_PIC = NO;
				GCC_NO_COMMON_BLOCKS = YES;
				GCC_OPTIMIZATION_LEVEL = 0;
				GCC_PREPROCESSOR_DEFINITIONS = (
					"DEBUG=1",
					"$(inherited)",
				);
				GCC_WARN_64_TO_32_BIT_CONVERSION = YES;
				GCC_WARN_ABOUT_RETURN_TYPE = YES_ERROR;
				GCC_WARN_UNDECLARED_SELECTOR = YES;
				GCC_WARN_UNINITIALIZED_AUTOS = YES_AGGRESSIVE;
				GCC_WARN_UNUSED_FUNCTION = YES;
				GCC_WARN_UNUSED_VARIABLE = YES;
				LOCALIZATION_PREFERS_STRING_CATALOGS = YES;
				MACOSX_DEPLOYMENT_TARGET = 26.4;
				MTL_ENABLE_DEBUG_INFO = INCLUDE_SOURCE;
				MTL_FAST_MATH = YES;
				ONLY_ACTIVE_ARCH = YES;
				SDKROOT = macosx;
				SWIFT_ACTIVE_COMPILATION_CONDITIONS = "DEBUG $(inherited)";
				SWIFT_OPTIMIZATION_LEVEL = "-Onone";
			};
			name = Debug;
		};
		316389272F9DC05B002A7AF3 /* Release */ = {
			isa = XCBuildConfiguration;
			buildSettings = {
				ALWAYS_SEARCH_USER_PATHS = NO;
				ASSETCATALOG_COMPILER_GENERATE_SWIFT_ASSET_SYMBOL_EXTENSIONS = YES;
				CLANG_ANALYZER_NONNULL = YES;
				CLANG_ANALYZER_NUMBER_OBJECT_CONVERSION = YES_AGGRESSIVE;
				CLANG_CXX_LANGUAGE_STANDARD = "gnu++20";
				CLANG_ENABLE_MODULES = YES;
				CLANG_ENABLE_OBJC_ARC = YES;
				CLANG_ENABLE_OBJC_WEAK = YES;
				CLANG_WARN_BLOCK_CAPTURE_AUTORELEASING = YES;
				CLANG_WARN_BOOL_CONVERSION = YES;
				CLANG_WARN_COMMA = YES;
				CLANG_WARN_CONSTANT_CONVERSION = YES;
				CLANG_WARN_DEPRECATED_OBJC_IMPLEMENTATIONS = YES;
				CLANG_WARN_DIRECT_OBJC_ISA_USAGE = YES_ERROR;
				CLANG_WARN_DOCUMENTATION_COMMENTS = YES;
				CLANG_WARN_EMPTY_BODY = YES;
				CLANG_WARN_ENUM_CONVERSION = YES;
				CLANG_WARN_INFINITE_RECURSION = YES;
				CLANG_WARN_INT_CONVERSION = YES;
				CLANG_WARN_NON_LITERAL_NULL_CONVERSION = YES;
				CLANG_WARN_OBJC_IMPLICIT_RETAIN_SELF = YES;
				CLANG_WARN_OBJC_LITERAL_CONVERSION = YES;
				CLANG_WARN_OBJC_ROOT_CLASS = YES_ERROR;
				CLANG_WARN_QUOTED_INCLUDE_IN_FRAMEWORK_HEADER = YES;
				CLANG_WARN_RANGE_LOOP_ANALYSIS = YES;
				CLANG_WARN_STRICT_PROTOTYPES = YES;
				CLANG_WARN_SUSPICIOUS_MOVE = YES;
				CLANG_WARN_UNGUARDED_AVAILABILITY = YES_AGGRESSIVE;
				CLANG_WARN_UNREACHABLE_CODE = YES;
				CLANG_WARN__DUPLICATE_METHOD_MATCH = YES;
				COPY_PHASE_STRIP = NO;
				DEBUG_INFORMATION_FORMAT = "dwarf-with-dsym";
				DEVELOPMENT_TEAM = NMM3956F6W;
				ENABLE_NS_ASSERTIONS = NO;
				ENABLE_STRICT_OBJC_MSGSEND = YES;
				ENABLE_USER_SCRIPT_SANDBOXING = YES;
				GCC_C_LANGUAGE_STANDARD = gnu17;
				GCC_NO_COMMON_BLOCKS = YES;
				GCC_WARN_64_TO_32_BIT_CONVERSION = YES;
				GCC_WARN_ABOUT_RETURN_TYPE = YES_ERROR;
				GCC_WARN_UNDECLARED_SELECTOR = YES;
				GCC_WARN_UNINITIALIZED_AUTOS = YES_AGGRESSIVE;
				GCC_WARN_UNUSED_FUNCTION = YES;
				GCC_WARN_UNUSED_VARIABLE = YES;
				LOCALIZATION_PREFERS_STRING_CATALOGS = YES;
				MACOSX_DEPLOYMENT_TARGET = 26.4;
				MTL_ENABLE_DEBUG_INFO = NO;
				MTL_FAST_MATH = YES;
				SDKROOT = macosx;
				SWIFT_COMPILATION_MODE = wholemodule;
			};
			name = Release;
		};
		316389292F9DC05B002A7AF3 /* Debug */ = {
			isa = XCBuildConfiguration;
			buildSettings = {
				ASSETCATALOG_COMPILER_APPICON_NAME = Screendrop;
				ASSETCATALOG_COMPILER_GLOBAL_ACCENT_COLOR_NAME = AccentColor;
				ASSETCATALOG_COMPILER_INCLUDE_ALL_APPICON_ASSETS = YES;
				CODE_SIGN_ENTITLEMENTS = Screendrop/Screendrop.entitlements;
				CODE_SIGN_STYLE = Automatic;
				COMBINE_HIDPI_IMAGES = YES;
				CURRENT_PROJECT_VERSION = 32;
				DEVELOPMENT_TEAM = NMM3956F6W;
				ENABLE_APP_SANDBOX = NO;
				ENABLE_HARDENED_RUNTIME = YES;
				ENABLE_PREVIEWS = YES;
				ENABLE_USER_SELECTED_FILES = readonly;
				GENERATE_INFOPLIST_FILE = YES;
				INFOPLIST_FILE = Screendrop/Info.plist;
				INFOPLIST_KEY_CFBundleDisplayName = Screendrop;
				INFOPLIST_KEY_LSUIElement = YES;
				INFOPLIST_KEY_NSHumanReadableCopyright = "";
				LD_RUNPATH_SEARCH_PATHS = (
					"$(inherited)",
					"@executable_path/../Frameworks",
				);
				LIBRARY_SEARCH_PATHS = (
					"$(inherited)",
					"$(PROJECT_DIR)/Screendrop/Vendor/DeepFilterNet/lib",
				);
				MACOSX_DEPLOYMENT_TARGET = 26.0;
				MARKETING_VERSION = 0.34.0;
				PRODUCT_BUNDLE_IDENTIFIER = com.fayazahmed.Screendrop;
				PRODUCT_NAME = "$(TARGET_NAME)";
				REGISTER_APP_GROUPS = YES;
				STRING_CATALOG_GENERATE_SYMBOLS = YES;
				SWIFT_APPROACHABLE_CONCURRENCY = YES;
				SWIFT_DEFAULT_ACTOR_ISOLATION = MainActor;
				SWIFT_EMIT_LOC_STRINGS = YES;
				SWIFT_UPCOMING_FEATURE_MEMBER_IMPORT_VISIBILITY = YES;
				SWIFT_VERSION = 5.0;
			};
			name = Debug;
		};
		3163892A2F9DC05B002A7AF3 /* Release */ = {
			isa = XCBuildConfiguration;
			buildSettings = {
				ASSETCATALOG_COMPILER_APPICON_NAME = Screendrop;
				ASSETCATALOG_COMPILER_GLOBAL_ACCENT_COLOR_NAME = AccentColor;
				ASSETCATALOG_COMPILER_INCLUDE_ALL_APPICON_ASSETS = YES;
				CODE_SIGN_ENTITLEMENTS = Screendrop/Screendrop.entitlements;
				CODE_SIGN_STYLE = Automatic;
				COMBINE_HIDPI_IMAGES = YES;
				CURRENT_PROJECT_VERSION = 32;
				DEVELOPMENT_TEAM = NMM3956F6W;
				ENABLE_APP_SANDBOX = NO;
				ENABLE_HARDENED_RUNTIME = YES;
				ENABLE_PREVIEWS = YES;
				ENABLE_USER_SELECTED_FILES = readonly;
				GENERATE_INFOPLIST_FILE = YES;
				INFOPLIST_FILE = Screendrop/Info.plist;
				INFOPLIST_KEY_CFBundleDisplayName = Screendrop;
				INFOPLIST_KEY_LSUIElement = YES;
				INFOPLIST_KEY_NSHumanReadableCopyright = "";
				LD_RUNPATH_SEARCH_PATHS = (
					"$(inherited)",
					"@executable_path/../Frameworks",
				);
				LIBRARY_SEARCH_PATHS = (
					"$(inherited)",
					"$(PROJECT_DIR)/Screendrop/Vendor/DeepFilterNet/lib",
				);
				MACOSX_DEPLOYMENT_TARGET = 26.0;
				MARKETING_VERSION = 0.34.0;
				PRODUCT_BUNDLE_IDENTIFIER = com.fayazahmed.Screendrop;
				PRODUCT_NAME = "$(TARGET_NAME)";
				REGISTER_APP_GROUPS = YES;
				STRING_CATALOG_GENERATE_SYMBOLS = YES;
				SWIFT_APPROACHABLE_CONCURRENCY = YES;
				SWIFT_DEFAULT_ACTOR_ISOLATION = MainActor;
				SWIFT_EMIT_LOC_STRINGS = YES;
				SWIFT_UPCOMING_FEATURE_MEMBER_IMPORT_VISIBILITY = YES;
				SWIFT_VERSION = 5.0;
			};
			name = Release;
		};
		31CA951A2FCB2749003035C6 /* Debug Dev */ = {
			isa = XCBuildConfiguration;
			buildSettings = {
				ALWAYS_SEARCH_USER_PATHS = NO;
				ASSETCATALOG_COMPILER_GENERATE_SWIFT_ASSET_SYMBOL_EXTENSIONS = YES;
				CLANG_ANALYZER_NONNULL = YES;
				CLANG_ANALYZER_NUMBER_OBJECT_CONVERSION = YES_AGGRESSIVE;
				CLANG_CXX_LANGUAGE_STANDARD = "gnu++20";
				CLANG_ENABLE_MODULES = YES;
				CLANG_ENABLE_OBJC_ARC = YES;
				CLANG_ENABLE_OBJC_WEAK = YES;
				CLANG_WARN_BLOCK_CAPTURE_AUTORELEASING = YES;
				CLANG_WARN_BOOL_CONVERSION = YES;
				CLANG_WARN_COMMA = YES;
				CLANG_WARN_CONSTANT_CONVERSION = YES;
				CLANG_WARN_DEPRECATED_OBJC_IMPLEMENTATIONS = YES;
				CLANG_WARN_DIRECT_OBJC_ISA_USAGE = YES_ERROR;
				CLANG_WARN_DOCUMENTATION_COMMENTS = YES;
				CLANG_WARN_EMPTY_BODY = YES;
				CLANG_WARN_ENUM_CONVERSION = YES;
				CLANG_WARN_INFINITE_RECURSION = YES;
				CLANG_WARN_INT_CONVERSION = YES;
				CLANG_WARN_NON_LITERAL_NULL_CONVERSION = YES;
				CLANG_WARN_OBJC_IMPLICIT_RETAIN_SELF = YES;
				CLANG_WARN_OBJC_LITERAL_CONVERSION = YES;
				CLANG_WARN_OBJC_ROOT_CLASS = YES_ERROR;
				CLANG_WARN_QUOTED_INCLUDE_IN_FRAMEWORK_HEADER = YES;
				CLANG_WARN_RANGE_LOOP_ANALYSIS = YES;
				CLANG_WARN_STRICT_PROTOTYPES = YES;
				CLANG_WARN_SUSPICIOUS_MOVE = YES;
				CLANG_WARN_UNGUARDED_AVAILABILITY = YES_AGGRESSIVE;
				CLANG_WARN_UNREACHABLE_CODE = YES;
				CLANG_WARN__DUPLICATE_METHOD_MATCH = YES;
				COPY_PHASE_STRIP = NO;
				DEBUG_INFORMATION_FORMAT = dwarf;
				DEVELOPMENT_TEAM = NMM3956F6W;
				ENABLE_STRICT_OBJC_MSGSEND = YES;
				ENABLE_TESTABILITY = YES;
				ENABLE_USER_SCRIPT_SANDBOXING = YES;
				GCC_C_LANGUAGE_STANDARD = gnu17;
				GCC_DYNAMIC_NO_PIC = NO;
				GCC_NO_COMMON_BLOCKS = YES;
				GCC_OPTIMIZATION_LEVEL = 0;
				GCC_PREPROCESSOR_DEFINITIONS = (
					"DEBUG=1",
					"$(inherited)",
				);
				GCC_WARN_64_TO_32_BIT_CONVERSION = YES;
				GCC_WARN_ABOUT_RETURN_TYPE = YES_ERROR;
				GCC_WARN_UNDECLARED_SELECTOR = YES;
				GCC_WARN_UNINITIALIZED_AUTOS = YES_AGGRESSIVE;
				GCC_WARN_UNUSED_FUNCTION = YES;
				GCC_WARN_UNUSED_VARIABLE = YES;
				LOCALIZATION_PREFERS_STRING_CATALOGS = YES;
				MACOSX_DEPLOYMENT_TARGET = 26.4;
				MTL_ENABLE_DEBUG_INFO = INCLUDE_SOURCE;
				MTL_FAST_MATH = YES;
				ONLY_ACTIVE_ARCH = YES;
				SDKROOT = macosx;
				SWIFT_ACTIVE_COMPILATION_CONDITIONS = "DEBUG $(inherited)";
				SWIFT_OPTIMIZATION_LEVEL = "-Onone";
			};
			name = "Debug Dev";
		};
		31CA951B2FCB2749003035C6 /* Debug Dev */ = {
			isa = XCBuildConfiguration;
			buildSettings = {
				ASSETCATALOG_COMPILER_APPICON_NAME = Screendrop;
				ASSETCATALOG_COMPILER_GLOBAL_ACCENT_COLOR_NAME = AccentColor;
				ASSETCATALOG_COMPILER_INCLUDE_ALL_APPICON_ASSETS = YES;
				CODE_SIGN_ENTITLEMENTS = Screendrop/Screendrop.entitlements;
				CODE_SIGN_STYLE = Automatic;
				COMBINE_HIDPI_IMAGES = YES;
				CURRENT_PROJECT_VERSION = 32;
				DEVELOPMENT_TEAM = NMM3956F6W;
				ENABLE_APP_SANDBOX = NO;
				ENABLE_HARDENED_RUNTIME = YES;
				ENABLE_PREVIEWS = YES;
				ENABLE_USER_SELECTED_FILES = readonly;
				GENERATE_INFOPLIST_FILE = YES;
				INFOPLIST_FILE = Screendrop/Info.plist;
				INFOPLIST_KEY_CFBundleDisplayName = "Screendrop Dev";
				INFOPLIST_KEY_LSUIElement = YES;
				INFOPLIST_KEY_NSHumanReadableCopyright = "";
				LD_RUNPATH_SEARCH_PATHS = (
					"$(inherited)",
					"@executable_path/../Frameworks",
				);
				LIBRARY_SEARCH_PATHS = (
					"$(inherited)",
					"$(PROJECT_DIR)/Screendrop/Vendor/DeepFilterNet/lib",
				);
				MACOSX_DEPLOYMENT_TARGET = 26.0;
				MARKETING_VERSION = 0.34.0;
				PRODUCT_BUNDLE_IDENTIFIER = com.fayazahmed.Screendrop.dev;
				PRODUCT_NAME = "$(TARGET_NAME) Dev";
				REGISTER_APP_GROUPS = YES;
				STRING_CATALOG_GENERATE_SYMBOLS = YES;
				SWIFT_APPROACHABLE_CONCURRENCY = YES;
				SWIFT_DEFAULT_ACTOR_ISOLATION = MainActor;
				SWIFT_EMIT_LOC_STRINGS = YES;
				SWIFT_UPCOMING_FEATURE_MEMBER_IMPORT_VISIBILITY = YES;
				SWIFT_VERSION = 5.0;
			};
			name = "Debug Dev";
		};
		AA610000000000000000000A /* Debug */ = {
			isa = XCBuildConfiguration;
			buildSettings = {
				BUNDLE_LOADER = "";
				CODE_SIGN_IDENTITY = "-";
				CODE_SIGN_STYLE = Manual;
				DEVELOPMENT_TEAM = "";
				GENERATE_INFOPLIST_FILE = YES;
				MACOSX_DEPLOYMENT_TARGET = 26.0;
				PRODUCT_BUNDLE_IDENTIFIER = com.fayazahmed.Screendrop.tests;
				PRODUCT_NAME = "$(TARGET_NAME)";
				SWIFT_APPROACHABLE_CONCURRENCY = YES;
				SWIFT_DEFAULT_ACTOR_ISOLATION = MainActor;
				SWIFT_UPCOMING_FEATURE_MEMBER_IMPORT_VISIBILITY = YES;
				SWIFT_VERSION = 5.0;
				TEST_HOST = "";
			};
			name = "Debug";
		};
		AA610000000000000000000B /* Debug Dev */ = {
			isa = XCBuildConfiguration;
			buildSettings = {
				BUNDLE_LOADER = "";
				CODE_SIGN_IDENTITY = "-";
				CODE_SIGN_STYLE = Manual;
				DEVELOPMENT_TEAM = "";
				GENERATE_INFOPLIST_FILE = YES;
				MACOSX_DEPLOYMENT_TARGET = 26.0;
				PRODUCT_BUNDLE_IDENTIFIER = com.fayazahmed.Screendrop.tests;
				PRODUCT_NAME = "$(TARGET_NAME)";
				SWIFT_APPROACHABLE_CONCURRENCY = YES;
				SWIFT_DEFAULT_ACTOR_ISOLATION = MainActor;
				SWIFT_UPCOMING_FEATURE_MEMBER_IMPORT_VISIBILITY = YES;
				SWIFT_VERSION = 5.0;
				TEST_HOST = "";
			};
			name = "Debug Dev";
		};
		AA610000000000000000000C /* Release */ = {
			isa = XCBuildConfiguration;
			buildSettings = {
				BUNDLE_LOADER = "";
				CODE_SIGN_IDENTITY = "-";
				CODE_SIGN_STYLE = Manual;
				DEVELOPMENT_TEAM = "";
				GENERATE_INFOPLIST_FILE = YES;
				MACOSX_DEPLOYMENT_TARGET = 26.0;
				PRODUCT_BUNDLE_IDENTIFIER = com.fayazahmed.Screendrop.tests;
				PRODUCT_NAME = "$(TARGET_NAME)";
				SWIFT_APPROACHABLE_CONCURRENCY = YES;
				SWIFT_DEFAULT_ACTOR_ISOLATION = MainActor;
				SWIFT_UPCOMING_FEATURE_MEMBER_IMPORT_VISIBILITY = YES;
				SWIFT_VERSION = 5.0;
				TEST_HOST = "";
			};
			name = "Release";
		};
/* End XCBuildConfiguration section */

/* Begin XCConfigurationList section */
		316389182F9DC05A002A7AF3 /* Build configuration list for PBXProject "Screendrop" */ = {
			isa = XCConfigurationList;
			buildConfigurations = (
				316389262F9DC05B002A7AF3 /* Debug */,
				31CA951A2FCB2749003035C6 /* Debug Dev */,
				316389272F9DC05B002A7AF3 /* Release */,
			);
			defaultConfigurationIsVisible = 0;
			defaultConfigurationName = Release;
		};
		316389282F9DC05B002A7AF3 /* Build configuration list for PBXNativeTarget "Screendrop" */ = {
			isa = XCConfigurationList;
			buildConfigurations = (
				316389292F9DC05B002A7AF3 /* Debug */,
				31CA951B2FCB2749003035C6 /* Debug Dev */,
				3163892A2F9DC05B002A7AF3 /* Release */,
			);
			defaultConfigurationIsVisible = 0;
			defaultConfigurationName = Release;
		};
		AA6100000000000000000005 /* Build configuration list for PBXNativeTarget "ScreendropTests" */ = {
			isa = XCConfigurationList;
			buildConfigurations = (AA610000000000000000000A /* Debug */, AA610000000000000000000B /* Debug Dev */, AA610000000000000000000C /* Release */);
			defaultConfigurationIsVisible = 0;
			defaultConfigurationName = Release;
		};
/* End XCConfigurationList section */

/* Begin XCRemoteSwiftPackageReference section */
		31A100002F9DC05A002A7AF3 /* XCRemoteSwiftPackageReference "Sparkle" */ = {
			isa = XCRemoteSwiftPackageReference;
			repositoryURL = "https://github.com/sparkle-project/Sparkle.git";
			requirement = {
				kind = upToNextMajorVersion;
				minimumVersion = 2.7.0;
			};
		};
		BAD69099DE38A64197B1CFDA /* XCRemoteSwiftPackageReference "DockProgress" */ = {
			isa = XCRemoteSwiftPackageReference;
			repositoryURL = "https://github.com/sindresorhus/DockProgress";
			requirement = {
				kind = upToNextMajorVersion;
				minimumVersion = 5.0.0;
			};
		};
/* End XCRemoteSwiftPackageReference section */

/* Begin XCSwiftPackageProductDependency section */
		31A100012F9DC05A002A7AF3 /* Sparkle */ = {
			isa = XCSwiftPackageProductDependency;
			package = 31A100002F9DC05A002A7AF3 /* XCRemoteSwiftPackageReference "Sparkle" */;
			productName = Sparkle;
		};
		6711E7AD88BD96C1258D3CE6 /* DockProgress */ = {
			isa = XCSwiftPackageProductDependency;
			package = BAD69099DE38A64197B1CFDA /* XCRemoteSwiftPackageReference "DockProgress" */;
			productName = DockProgress;
		};
/* End XCSwiftPackageProductDependency section */
	};
	rootObject = 316389152F9DC05A002A7AF3 /* Project object */;
}
